
Microsoft Visual Studio Solution File, Format Version 12.00
# Visual Studio 14
VisualStudioVersion = 14.0.23107.0
MinimumVisualStudioVersion = 10.0.40219.1
Project("{FAE04EC0-301F-11D3-BF4B-00C04F79EFBC}") = "DynamicVideoDrawing", "DynamicVideoDrawing\DynamicVideoDrawing.csproj", "{6A92CFC5-8AAB-4F4C-BE34-7D02DEFF49DA}"
EndProject
Project("{FAE04EC0-301F-11D3-BF4B-00C04F79EFBC}") = "IPScanning", "IPScanning\IPScanning.csproj", "{42726ED7-E9F9-4D7F-B11C-C900CBD6D0C2}"
EndProject
Project("{FAE04EC0-301F-11D3-BF4B-00C04F79EFBC}") = "ParallelMatrixCompute", "ParallelMatrixCompute\ParallelMatrixCompute.csproj", "{73F14982-D3F2-4CA6-8F63-8478BEA029A0}"
EndProject
Project("{2150E333-8FDC-42A3-9474-1A3956D46DE8}") = "HTTPWCFFileTransport", "HTTPWCFFileTransport", "{B8EDF2E6-2C02-472F-9578-1EE6388CA25B}"
EndProject
Project("{FAE04EC0-301F-11D3-BF4B-00C04F79EFBC}") = "Server", "HTTPWCFFileTransport\Server\Server.csproj", "{EB4D3BEF-B9D6-4309-B27F-D1DA10935CDA}"
EndProject
Project("{FAE04EC0-301F-11D3-BF4B-00C04F79EFBC}") = "Client", "HTTPWCFFileTransport\Client\Client.csproj", "{CA84B44B-2FEF-4929-8854-D5287A37AD70}"
	ProjectSection(ProjectDependencies) = postProject
		{EB4D3BEF-B9D6-4309-B27F-D1DA10935CDA} = {EB4D3BEF-B9D6-4309-B27F-D1DA10935CDA}
	EndProjectSection
EndProject
Project("{2150E333-8FDC-42A3-9474-1A3956D46DE8}") = "WCFTCPMessage", "WCFTCPMessage", "{B33292EB-E2FF-4418-8E9A-A685F50E7F09}"
EndProject
Project("{FAE04EC0-301F-11D3-BF4B-00C04F79EFBC}") = "Client", "WCFTCPMessage\Client\Client.csproj", "{9FECFAED-63CD-46AE-848F-254012853E64}"
EndProject
Project("{FAE04EC0-301F-11D3-BF4B-00C04F79EFBC}") = "Contracts", "WCFTCPMessage\Contracts\Contracts.csproj", "{C3BE6796-A9DB-491D-ABCA-012451F267FC}"
EndProject
Project("{FAE04EC0-301F-11D3-BF4B-00C04F79EFBC}") = "Server", "WCFTCPMessage\Server\Server.csproj", "{AD685DC9-9E64-48B1-B3A2-06AC9305BE5C}"
EndProject
Project("{FAE04EC0-301F-11D3-BF4B-00C04F79EFBC}") = "Server.Host", "WCFTCPMessage\Server.Host\Server.Host.csproj", "{3969886F-4291-414E-8563-B6F4105EAC8D}"
EndProject
Global
	GlobalSection(SolutionConfigurationPlatforms) = preSolution
		Debug|Any CPU = Debug|Any CPU
		Release|Any CPU = Release|Any CPU
	EndGlobalSection
	GlobalSection(ProjectConfigurationPlatforms) = postSolution
		{6A92CFC5-8AAB-4F4C-BE34-7D02DEFF49DA}.Debug|Any CPU.ActiveCfg = Debug|Any CPU
		{6A92CFC5-8AAB-4F4C-BE34-7D02DEFF49DA}.Debug|Any CPU.Build.0 = Debug|Any CPU
		{6A92CFC5-8AAB-4F4C-BE34-7D02DEFF49DA}.Release|Any CPU.ActiveCfg = Release|Any CPU
		{6A92CFC5-8AAB-4F4C-BE34-7D02DEFF49DA}.Release|Any CPU.Build.0 = Release|Any CPU
		{42726ED7-E9F9-4D7F-B11C-C900CBD6D0C2}.Debug|Any CPU.ActiveCfg = Debug|Any CPU
		{42726ED7-E9F9-4D7F-B11C-C900CBD6D0C2}.Debug|Any CPU.Build.0 = Debug|Any CPU
		{42726ED7-E9F9-4D7F-B11C-C900CBD6D0C2}.Release|Any CPU.ActiveCfg = Release|Any CPU
		{42726ED7-E9F9-4D7F-B11C-C900CBD6D0C2}.Release|Any CPU.Build.0 = Release|Any CPU
		{73F14982-D3F2-4CA6-8F63-8478BEA029A0}.Debug|Any CPU.ActiveCfg = Debug|Any CPU
		{73F14982-D3F2-4CA6-8F63-8478BEA029A0}.Debug|Any CPU.Build.0 = Debug|Any CPU
		{73F14982-D3F2-4CA6-8F63-8478BEA029A0}.Release|Any CPU.ActiveCfg = Release|Any CPU
		{73F14982-D3F2-4CA6-8F63-8478BEA029A0}.Release|Any CPU.Build.0 = Release|Any CPU
		{EB4D3BEF-B9D6-4309-B27F-D1DA10935CDA}.Debug|Any CPU.ActiveCfg = Debug|Any CPU
		{EB4D3BEF-B9D6-4309-B27F-D1DA10935CDA}.Debug|Any CPU.Build.0 = Debug|Any CPU
		{EB4D3BEF-B9D6-4309-B27F-D1DA10935CDA}.Release|Any CPU.ActiveCfg = Release|Any CPU
		{EB4D3BEF-B9D6-4309-B27F-D1DA10935CDA}.Release|Any CPU.Build.0 = Release|Any CPU
		{CA84B44B-2FEF-4929-8854-D5287A37AD70}.Debug|Any CPU.ActiveCfg = Debug|Any CPU
		{CA84B44B-2FEF-4929-8854-D5287A37AD70}.Debug|Any CPU.Build.0 = Debug|Any CPU
		{CA84B44B-2FEF-4929-8854-D5287A37AD70}.Release|Any CPU.ActiveCfg = Release|Any CPU
		{CA84B44B-2FEF-4929-8854-D5287A37AD70}.Release|Any CPU.Build.0 = Release|Any CPU
		{9FECFAED-63CD-46AE-848F-254012853E64}.Debug|Any CPU.ActiveCfg = Debug|Any CPU
		{9FECFAED-63CD-46AE-848F-254012853E64}.Debug|Any CPU.Build.0 = Debug|Any CPU
		{9FECFAED-63CD-46AE-848F-254012853E64}.Release|Any CPU.ActiveCfg = Release|Any CPU
		{9FECFAED-63CD-46AE-848F-254012853E64}.Release|Any CPU.Build.0 = Release|Any CPU
		{C3BE6796-A9DB-491D-ABCA-012451F267FC}.Debug|Any CPU.ActiveCfg = Debug|Any CPU
		{C3BE6796-A9DB-491D-ABCA-012451F267FC}.Debug|Any CPU.Build.0 = Debug|Any CPU
		{C3BE6796-A9DB-491D-ABCA-012451F267FC}.Release|Any CPU.ActiveCfg = Release|Any CPU
		{C3BE6796-A9DB-491D-ABCA-012451F267FC}.Release|Any CPU.Build.0 = Release|Any CPU
		{AD685DC9-9E64-48B1-B3A2-06AC9305BE5C}.Debug|Any CPU.ActiveCfg = Debug|Any CPU
		{AD685DC9-9E64-48B1-B3A2-06AC9305BE5C}.Debug|Any CPU.Build.0 = Debug|Any CPU
		{AD685DC9-9E64-48B1-B3A2-06AC9305BE5C}.Release|Any CPU.ActiveCfg = Release|Any CPU
		{AD685DC9-9E64-48B1-B3A2-06AC9305BE5C}.Release|Any CPU.Build.0 = Release|Any CPU
		{3969886F-4291-414E-8563-B6F4105EAC8D}.Debug|Any CPU.ActiveCfg = Debug|Any CPU
		{3969886F-4291-414E-8563-B6F4105EAC8D}.Debug|Any CPU.Build.0 = Debug|Any CPU
		{3969886F-4291-414E-8563-B6F4105EAC8D}.Release|Any CPU.ActiveCfg = Release|Any CPU
		{3969886F-4291-414E-8563-B6F4105EAC8D}.Release|Any CPU.Build.0 = Release|Any CPU
	EndGlobalSection
	GlobalSection(SolutionProperties) = preSolution
		HideSolutionNode = FALSE
	EndGlobalSection
	GlobalSection(NestedProjects) = preSolution
		{EB4D3BEF-B9D6-4309-B27F-D1DA10935CDA} = {B8EDF2E6-2C02-472F-9578-1EE6388CA25B}
		{CA84B44B-2FEF-4929-8854-D5287A37AD70} = {B8EDF2E6-2C02-472F-9578-1EE6388CA25B}
		{9FECFAED-63CD-46AE-848F-254012853E64} = {B33292EB-E2FF-4418-8E9A-A685F50E7F09}
		{C3BE6796-A9DB-491D-ABCA-012451F267FC} = {B33292EB-E2FF-4418-8E9A-A685F50E7F09}
		{AD685DC9-9E64-48B1-B3A2-06AC9305BE5C} = {B33292EB-E2FF-4418-8E9A-A685F50E7F09}
		{3969886F-4291-414E-8563-B6F4105EAC8D} = {B33292EB-E2FF-4418-8E9A-A685F50E7F09}
	EndGlobalSection
EndGlobal
